
Microsoft Visual Studio Solution File, Format Version 12.00
# Visual Studio Version 17
VisualStudioVersion = 17.6.33723.286
MinimumVisualStudioVersion = 10.0.40219.1
Project("{FAE04EC0-301F-11D3-BF4B-00C04F79EFBC}") = "QL_BangKeo", "QL_BangKeo.csproj", "{BEF168F9-40A0-498A-86E9-0AC8159E26D1}"
EndProject
Global
	GlobalSection(SolutionConfigurationPlatforms) = preSolution
		Debug|Any CPU = Debug|Any CPU
		Release|Any CPU = Release|Any CPU
	EndGlobalSection
	GlobalSection(ProjectConfigurationPlatforms) = postSolution
		{BEF168F9-40A0-498A-86E9-0AC8159E26D1}.Debug|Any CPU.ActiveCfg = Debug|Any CPU
		{BEF168F9-40A0-498A-86E9-0AC8159E26D1}.Debug|Any CPU.Build.0 = Debug|Any CPU
		{BEF168F9-40A0-498A-86E9-0AC8159E26D1}.Release|Any CPU.ActiveCfg = Release|Any CPU
		{BEF168F9-40A0-498A-86E9-0AC8159E26D1}.Release|Any CPU.Build.0 = Release|Any CPU
	EndGlobalSection
	GlobalSection(SolutionProperties) = preSolution
		HideSolutionNode = FALSE
	EndGlobalSection
	GlobalSection(ExtensibilityGlobals) = postSolution
		SolutionGuid = {A52118EE-598D-4971-BB13-5F6F0B8C860F}
	EndGlobalSection
EndGlobal
